
Microsoft Visual Studio Solution File, Format Version 12.00
# Visual Studio Version 17
VisualStudioVersion = 17.8.34322.80
MinimumVisualStudioVersion = 10.0.40219.1
Project("{9A19103F-16F7-4668-BE54-9A1E7A4F7556}") = "GameSeat.Backend.Business", "GameSeat.Backend.Business\GameSeat.Backend.Business.csproj", "{0AF79F09-54ED-4F17-BDCB-E0431C245E68}"
EndProject
Project("{9A19103F-16F7-4668-BE54-9A1E7A4F7556}") = "GameSeat.Backend.Infrastructure", "GameSeat.Backend.Infrastructure\GameSeat.Backend.Infrastructure.csproj", "{EFF030B1-45DA-4420-8824-9DAD8EAB46DF}"
EndProject
Project("{9A19103F-16F7-4668-BE54-9A1E7A4F7556}") = "GameSeat.Backend.WebAPI", "GameSeat.Backend.WebAPI\GameSeat.Backend.WebAPI.csproj", "{824F9B8D-E5FF-4C47-A0AD-3611F6D76BEF}"
EndProject
Global
	GlobalSection(SolutionConfigurationPlatforms) = preSolution
		Debug|Any CPU = Debug|Any CPU
		Release|Any CPU = Release|Any CPU
	EndGlobalSection
	GlobalSection(ProjectConfigurationPlatforms) = postSolution
		{0AF79F09-54ED-4F17-BDCB-E0431C245E68}.Debug|Any CPU.ActiveCfg = Debug|Any CPU
		{0AF79F09-54ED-4F17-BDCB-E0431C245E68}.Debug|Any CPU.Build.0 = Debug|Any CPU
		{0AF79F09-54ED-4F17-BDCB-E0431C245E68}.Release|Any CPU.ActiveCfg = Release|Any CPU
		{0AF79F09-54ED-4F17-BDCB-E0431C245E68}.Release|Any CPU.Build.0 = Release|Any CPU
		{EFF030B1-45DA-4420-8824-9DAD8EAB46DF}.Debug|Any CPU.ActiveCfg = Debug|Any CPU
		{EFF030B1-45DA-4420-8824-9DAD8EAB46DF}.Debug|Any CPU.Build.0 = Debug|Any CPU
		{EFF030B1-45DA-4420-8824-9DAD8EAB46DF}.Release|Any CPU.ActiveCfg = Release|Any CPU
		{EFF030B1-45DA-4420-8824-9DAD8EAB46DF}.Release|Any CPU.Build.0 = Release|Any CPU
		{824F9B8D-E5FF-4C47-A0AD-3611F6D76BEF}.Debug|Any CPU.ActiveCfg = Debug|Any CPU
		{824F9B8D-E5FF-4C47-A0AD-3611F6D76BEF}.Debug|Any CPU.Build.0 = Debug|Any CPU
		{824F9B8D-E5FF-4C47-A0AD-3611F6D76BEF}.Release|Any CPU.ActiveCfg = Release|Any CPU
		{824F9B8D-E5FF-4C47-A0AD-3611F6D76BEF}.Release|Any CPU.Build.0 = Release|Any CPU
	EndGlobalSection
	GlobalSection(SolutionProperties) = preSolution
		HideSolutionNode = FALSE
	EndGlobalSection
	GlobalSection(ExtensibilityGlobals) = postSolution
		SolutionGuid = {7DE1401F-82BC-4E60-BD3E-20D183705A3A}
	EndGlobalSection
EndGlobal
